{
  "name": "process_file",
  "version": "1.0.0",
  "lockfileVersion": 1,
  "requires": true,
  "dependencies": {
    "@types/node": {
      "version": "10.14.22",
      "resolved": "https://registry.npmjs.org/@types/node/-/node-10.14.22.tgz",
      "integrity": "sha512-9taxKC944BqoTVjE+UT3pQH0nHZlTvITwfsOZqyc+R3sfJuxaTtxWjfn1K2UlxyPcKHf0rnaXcVFrS9F9vf0bw=="
    },
    "exif-reader": {
      "version": "1.0.3",
      "resolved": "https://registry.npmjs.org/exif-reader/-/exif-reader-1.0.3.tgz",
      "integrity": "sha512-tWMBj1+9jUSibgR/kv/GQ/fkR0biaN9GEZ5iPdf7jFeH//d2bSzgPoaWf1OfMv4MXFD4upwvpCCyeMvSyLWSfA=="
    },
    "exifreader": {
      "version": "2.8.3",
      "resolved": "https://registry.npmjs.org/exifreader/-/exifreader-2.8.3.tgz",
      "integrity": "sha512-OA+zGzr2K1M5HQTwh2TZ13n3g/y4Kv+0/wd7zqRzPcNIBr3Jy/KiPHyQgVwCZEcwh+GgXmMGi0LUnK7lCL9eyw==",
      "requires": {
        "@types/node": "^10.12.18",
        "xmldom": "^0.1.27"
      }
    },
    "uuid": {
      "version": "3.3.3",
      "resolved": "https://registry.npmjs.org/uuid/-/uuid-3.3.3.tgz",
      "integrity": "sha512-pW0No1RGHgzlpHJO1nsVrHKpOEIxkGg1xB+v0ZmdNH5OAeAwzAVrCnI2/6Mtx+Uys6iaylxa+D3g4j63IKKjSQ=="
    },
    "xmldom": {
      "version": "0.1.27",
      "resolved": "https://registry.npmjs.org/xmldom/-/xmldom-0.1.27.tgz",
      "integrity": "sha1-1QH5ezvbQDr4757MIFcxh6rawOk="
    }
  }
}
