{
  "name": "process_file",
  "version": "1.0.0",
  "lockfileVersion": 1,
  "requires": true,
  "dependencies": {
    "@xmldom/xmldom": {
      "version": "0.7.5",
      "resolved": "https://registry.npmjs.org/@xmldom/xmldom/-/xmldom-0.7.5.tgz",
      "integrity": "sha512-V3BIhmY36fXZ1OtVcI9W+FxQqxVLsPKcNjWigIaa81dLC9IolJl5Mt4Cvhmr0flUnjSpTdrbMTSbXqYqV5dT6A==",
      "optional": true
    },
    "exifreader": {
      "version": "4.6.0",
      "resolved": "https://registry.npmjs.org/exifreader/-/exifreader-4.6.0.tgz",
      "integrity": "sha512-IqcXMl2VkvTgX56wzHcPVZObeqXTisGlExSwhWvwat6uTvXO6v6LvC51NZKM3rFhXJs/6CQ1pR9AbH3qJdpi7w==",
      "requires": {
        "@xmldom/xmldom": "^0.7.5"
      }
    },
    "uuid": {
      "version": "3.3.3",
      "resolved": "https://registry.npmjs.org/uuid/-/uuid-3.3.3.tgz",
      "integrity": "sha512-pW0No1RGHgzlpHJO1nsVrHKpOEIxkGg1xB+v0ZmdNH5OAeAwzAVrCnI2/6Mtx+Uys6iaylxa+D3g4j63IKKjSQ=="
    }
  }
}
